
Microsoft Visual Studio Solution File, Format Version 12.00
# Visual Studio 15
VisualStudioVersion = 15.0.27428.2027
MinimumVisualStudioVersion = 10.0.40219.1
Project("{FAE04EC0-301F-11D3-BF4B-00C04F79EFBC}") = "Software Programmng", "Software Programmng\Software Programmng.csproj", "{4A9A88D9-ECD7-4F6C-A71E-AAD43AB91C68}"
EndProject
Global
	GlobalSection(SolutionConfigurationPlatforms) = preSolution
		Debug|Any CPU = Debug|Any CPU
		Release|Any CPU = Release|Any CPU
	EndGlobalSection
	GlobalSection(ProjectConfigurationPlatforms) = postSolution
		{4A9A88D9-ECD7-4F6C-A71E-AAD43AB91C68}.Debug|Any CPU.ActiveCfg = Debug|Any CPU
		{4A9A88D9-ECD7-4F6C-A71E-AAD43AB91C68}.Debug|Any CPU.Build.0 = Debug|Any CPU
		{4A9A88D9-ECD7-4F6C-A71E-AAD43AB91C68}.Release|Any CPU.ActiveCfg = Release|Any CPU
		{4A9A88D9-ECD7-4F6C-A71E-AAD43AB91C68}.Release|Any CPU.Build.0 = Release|Any CPU
	EndGlobalSection
	GlobalSection(SolutionProperties) = preSolution
		HideSolutionNode = FALSE
	EndGlobalSection
	GlobalSection(ExtensibilityGlobals) = postSolution
		SolutionGuid = {671D3928-31BC-4B59-88E0-6FF8FF37991A}
	EndGlobalSection
EndGlobal
